
Microsoft Visual Studio Solution File, Format Version 12.00
# Visual Studio Version 17
VisualStudioVersion = 17.1.32210.238
MinimumVisualStudioVersion = 10.0.40219.1
Project("{9A19103F-16F7-4668-BE54-9A1E7A4F7556}") = "Smartbills.Client", "Smartbills.Client.csproj", "{266335A3-222D-47E2-9CC9-1B69129C3FBB}"
EndProject
Global
	GlobalSection(SolutionConfigurationPlatforms) = preSolution
		Debug|Any CPU = Debug|Any CPU
		Release|Any CPU = Release|Any CPU
	EndGlobalSection
	GlobalSection(ProjectConfigurationPlatforms) = postSolution
		{266335A3-222D-47E2-9CC9-1B69129C3FBB}.Debug|Any CPU.ActiveCfg = Debug|Any CPU
		{266335A3-222D-47E2-9CC9-1B69129C3FBB}.Debug|Any CPU.Build.0 = Debug|Any CPU
		{266335A3-222D-47E2-9CC9-1B69129C3FBB}.Release|Any CPU.ActiveCfg = Release|Any CPU
		{266335A3-222D-47E2-9CC9-1B69129C3FBB}.Release|Any CPU.Build.0 = Release|Any CPU
	EndGlobalSection
	GlobalSection(SolutionProperties) = preSolution
		HideSolutionNode = FALSE
	EndGlobalSection
	GlobalSection(ExtensibilityGlobals) = postSolution
		SolutionGuid = {7D858F37-AEBD-45AC-96B1-109CD3E0A8D7}
	EndGlobalSection
EndGlobal
