{
  "version": 1,
  "dependencies": {
    "net8.0": {
      "Microsoft.Extensions.DependencyInjection.Abstractions": {
        "type": "Direct",
        "requested": "[8.0.2, )",
        "resolved": "8.0.2",
        "contentHash": "3iE7UF7MQkCv1cxzCahz+Y/guQbTqieyxyaWKhrRO91itI9cOKO76OHeQDahqG4MmW5umr3CcCvGmK92lWNlbg=="
      },
      "Microsoft.Extensions.Options": {
        "type": "Direct",
        "requested": "[8.0.2, )",
        "resolved": "8.0.2",
        "contentHash": "dWGKvhFybsaZpGmzkGCbNNwBD1rVlWzrZKANLW/CcbFJpCEceMCGzT7zZwHOGBCbwM0SzBuceMj5HN1LKV1QqA==",
        "dependencies": {
          "Microsoft.Extensions.DependencyInjection.Abstractions": "8.0.0",
          "Microsoft.Extensions.Primitives": "8.0.0"
        }
      },
      "BouncyCastle.Cryptography": {
        "type": "Transitive",
        "resolved": "2.2.1",
        "contentHash": "A6Zr52zVqJKt18ZBsTnX0qhG0kwIQftVAjLmszmkiR/trSp8H+xj1gUOzk7XHwaKgyREMSV1v9XaKrBUeIOdvQ=="
      },
      "Microsoft.AspNetCore.Http.Features": {
        "type": "Transitive",
        "resolved": "5.0.17",
        "contentHash": "3jG2xS+dx8DDCGV/F+STdPTg89lX3ao3dF/VEPvJaz3wzBIjuadipTtYNEXDIVuOPZwb6jdmhrX9jkzOIBm5cw==",
        "dependencies": {
          "Microsoft.Extensions.Primitives": "5.0.1",
          "System.IO.Pipelines": "5.0.2"
        }
      },
      "Microsoft.Extensions.Primitives": {
        "type": "Transitive",
        "resolved": "8.0.0",
        "contentHash": "bXJEZrW9ny8vjMF1JV253WeLhpEVzFo1lyaZu1vQ4ZxWUlVvknZ/+ftFgVheLubb4eZPSwwxBeqS1JkCOjxd8g=="
      },
      "MimeKit": {
        "type": "Transitive",
        "resolved": "4.3.0",
        "contentHash": "39KDXuERDy5VmHIn7NnCWvIVp/Ar4qnxZWg9m06DfRqDbW1B6zFv9o3Tdoa4CCu71tE/0SRqRCN5Z+bbffw6uw==",
        "dependencies": {
          "BouncyCastle.Cryptography": "2.2.1",
          "System.Runtime.CompilerServices.Unsafe": "6.0.0",
          "System.Security.Cryptography.Pkcs": "7.0.3",
          "System.Text.Encoding.CodePages": "7.0.0"
        }
      },
      "Newtonsoft.Json": {
        "type": "Transitive",
        "resolved": "13.0.3",
        "contentHash": "HrC5BXdl00IP9zeV+0Z848QWPAoCr9P3bDEZguI+gkLcBKAOxix/tLEAAHC+UvDNPv4a2d18lOReHMOagPa+zQ=="
      },
      "RestSharp": {
        "type": "Transitive",
        "resolved": "110.2.0",
        "contentHash": "FXGw0IMcqY7yO/hzS9QrD3iNswNgb9UxJnxWmfOxmGs4kRlZWqdtBoGPLuhlbgsDzX1RFo4WKui8TGGKXWKalw==",
        "dependencies": {
          "System.Text.Json": "7.0.2"
        }
      },
      "System.Formats.Asn1": {
        "type": "Transitive",
        "resolved": "7.0.0",
        "contentHash": "+nfpV0afLmvJW8+pLlHxRjz3oZJw4fkyU9MMEaMhCsHi/SN9bGF9q79ROubDiwTiCHezmK0uCWkPP7tGFP/4yg=="
      },
      "System.IO.Pipelines": {
        "type": "Transitive",
        "resolved": "5.0.2",
        "contentHash": "Iew+dfa6FFiyvWBdRmXApixRY1db+beyutpIck4SOSe0NLM8FD/7AD54MscqVLhvfSMLHO7KadjTRT7fqxOGTA=="
      },
      "System.Runtime.CompilerServices.Unsafe": {
        "type": "Transitive",
        "resolved": "6.0.0",
        "contentHash": "/iUeP3tq1S0XdNNoMz5C9twLSrM/TH+qElHkXWaPvuNOt+99G75NrV0OS2EqHx5wMN7popYjpc8oTjC1y16DLg=="
      },
      "System.Security.Cryptography.Pkcs": {
        "type": "Transitive",
        "resolved": "7.0.3",
        "contentHash": "yhwEHH5Gzl/VoADrXtt5XC95OFoSjNSWLHNutE7GwdOgefZVRvEXRSooSpL8HHm3qmdd9epqzsWg28UJemt22w==",
        "dependencies": {
          "System.Formats.Asn1": "7.0.0"
        }
      },
      "System.Text.Encoding.CodePages": {
        "type": "Transitive",
        "resolved": "7.0.0",
        "contentHash": "LSyCblMpvOe0N3E+8e0skHcrIhgV2huaNcjUUEa8hRtgEAm36aGkRoC8Jxlb6Ra6GSfF29ftduPNywin8XolzQ=="
      },
      "System.Text.Encodings.Web": {
        "type": "Transitive",
        "resolved": "7.0.0",
        "contentHash": "OP6umVGxc0Z0MvZQBVigj4/U31Pw72ITihDWP9WiWDm+q5aoe0GaJivsfYGq53o6dxH7DcXWiCTl7+0o2CGdmg=="
      },
      "System.Text.Json": {
        "type": "Transitive",
        "resolved": "7.0.2",
        "contentHash": "/LZf/JrGyilojqwpaywb+sSz8Tew7ij4K/Sk+UW8AKfAK7KRhR6mKpKtTm06cYA7bCpGTWfYksIW+mVsdxPegQ==",
        "dependencies": {
          "System.Text.Encodings.Web": "7.0.0"
        }
      },
      "smartbills.net": {
        "type": "Project",
        "dependencies": {
          "Microsoft.AspNetCore.Http.Features": "[5.0.17, )",
          "MimeKit": "[4.3.0, )",
          "Newtonsoft.Json": "[13.0.3, )",
          "RestSharp": "[110.2.0, )"
        }
      }
    }
  }
}